
Microsoft Visual Studio Solution File, Format Version 12.00
# Visual Studio Version 17
VisualStudioVersion = 17.14.36310.24
MinimumVisualStudioVersion = 10.0.40219.1
Project("{9A19103F-16F7-4668-BE54-9A1E7A4F7556}") = "Dominio", "Dominio\Dominio.csproj", "{ED7119C8-1A56-4ABD-9679-B23717A3B40E}"
EndProject
Project("{FAE04EC0-301F-11D3-BF4B-00C04F79EFBC}") = "CozyHouseConsola", "CozyHouseConsola\CozyHouseConsola.csproj", "{8025EA1F-D6F9-4028-A9B3-EAD53818D634}"
EndProject
Project("{FAE04EC0-301F-11D3-BF4B-00C04F79EFBC}") = "SistemaAPI", "SistemaAPI\SistemaAPI.csproj", "{BD1A8ABD-4178-49DC-8FD0-833637949CDD}"
EndProject
Global
	GlobalSection(SolutionConfigurationPlatforms) = preSolution
		Debug|Any CPU = Debug|Any CPU
		Release|Any CPU = Release|Any CPU
	EndGlobalSection
	GlobalSection(ProjectConfigurationPlatforms) = postSolution
		{ED7119C8-1A56-4ABD-9679-B23717A3B40E}.Debug|Any CPU.ActiveCfg = Debug|Any CPU
		{ED7119C8-1A56-4ABD-9679-B23717A3B40E}.Debug|Any CPU.Build.0 = Debug|Any CPU
		{ED7119C8-1A56-4ABD-9679-B23717A3B40E}.Release|Any CPU.ActiveCfg = Release|Any CPU
		{ED7119C8-1A56-4ABD-9679-B23717A3B40E}.Release|Any CPU.Build.0 = Release|Any CPU
		{8025EA1F-D6F9-4028-A9B3-EAD53818D634}.Debug|Any CPU.ActiveCfg = Debug|Any CPU
		{8025EA1F-D6F9-4028-A9B3-EAD53818D634}.Debug|Any CPU.Build.0 = Debug|Any CPU
		{8025EA1F-D6F9-4028-A9B3-EAD53818D634}.Release|Any CPU.ActiveCfg = Release|Any CPU
		{8025EA1F-D6F9-4028-A9B3-EAD53818D634}.Release|Any CPU.Build.0 = Release|Any CPU
		{BD1A8ABD-4178-49DC-8FD0-833637949CDD}.Debug|Any CPU.ActiveCfg = Debug|Any CPU
		{BD1A8ABD-4178-49DC-8FD0-833637949CDD}.Debug|Any CPU.Build.0 = Debug|Any CPU
		{BD1A8ABD-4178-49DC-8FD0-833637949CDD}.Release|Any CPU.ActiveCfg = Release|Any CPU
		{BD1A8ABD-4178-49DC-8FD0-833637949CDD}.Release|Any CPU.Build.0 = Release|Any CPU
	EndGlobalSection
	GlobalSection(SolutionProperties) = preSolution
		HideSolutionNode = FALSE
	EndGlobalSection
	GlobalSection(ExtensibilityGlobals) = postSolution
		SolutionGuid = {AAF6898A-94B7-4251-940F-93E8AD07FE7D}
	EndGlobalSection
EndGlobal
